
Microsoft Visual Studio Solution File, Format Version 12.00
# Visual Studio 15
VisualStudioVersion = 15.0.28307.421
MinimumVisualStudioVersion = 10.0.40219.1
Project("{FAE04EC0-301F-11D3-BF4B-00C04F79EFBC}") = "WpfCoinMidterm", "WpfCoinMidterm\WpfCoinMidterm.csproj", "{D1B9BB9A-7A16-4A43-A068-DF8233772022}"
EndProject
Project("{FAE04EC0-301F-11D3-BF4B-00C04F79EFBC}") = "UnitTestCoin", "UnitTestCoin\UnitTestCoin.csproj", "{90EBFEC1-C150-40EA-87BB-06863AADE4EB}"
EndProject
Global
	GlobalSection(SolutionConfigurationPlatforms) = preSolution
		Debug|Any CPU = Debug|Any CPU
		Release|Any CPU = Release|Any CPU
	EndGlobalSection
	GlobalSection(ProjectConfigurationPlatforms) = postSolution
		{D1B9BB9A-7A16-4A43-A068-DF8233772022}.Debug|Any CPU.ActiveCfg = Debug|Any CPU
		{D1B9BB9A-7A16-4A43-A068-DF8233772022}.Debug|Any CPU.Build.0 = Debug|Any CPU
		{D1B9BB9A-7A16-4A43-A068-DF8233772022}.Release|Any CPU.ActiveCfg = Release|Any CPU
		{D1B9BB9A-7A16-4A43-A068-DF8233772022}.Release|Any CPU.Build.0 = Release|Any CPU
		{90EBFEC1-C150-40EA-87BB-06863AADE4EB}.Debug|Any CPU.ActiveCfg = Debug|Any CPU
		{90EBFEC1-C150-40EA-87BB-06863AADE4EB}.Debug|Any CPU.Build.0 = Debug|Any CPU
		{90EBFEC1-C150-40EA-87BB-06863AADE4EB}.Release|Any CPU.ActiveCfg = Release|Any CPU
		{90EBFEC1-C150-40EA-87BB-06863AADE4EB}.Release|Any CPU.Build.0 = Release|Any CPU
	EndGlobalSection
	GlobalSection(SolutionProperties) = preSolution
		HideSolutionNode = FALSE
	EndGlobalSection
	GlobalSection(ExtensibilityGlobals) = postSolution
		SolutionGuid = {F59BE4F1-6B04-4D2B-85FA-03A99F15BE0E}
	EndGlobalSection
EndGlobal
